<?xml version="1.0" encoding="UTF-8" standalone="yes" ?>
<CodeBlocks_project_file>
	<FileVersion major="1" minor="6" />
	<Project>
		<Option title="Final Project" />
		<Option pch_mode="2" />
		<Option compiler="gcc" />
		<Option virtualFolders="include\;src\model\;src\controller\;src\tools\;" />
		<Build>
			<Target title="Debug">
				<Option output="bin/Debug/Final Project" prefix_auto="1" extension_auto="1" />
				<Option object_output="obj/Debug/" />
				<Option type="1" />
				<Option compiler="gcc" />
				<Compiler>
					<Add option="-g" />
					<Add directory="include" />
				</Compiler>
			</Target>
			<Target title="Release">
				<Option output="bin/Release/Final Project" prefix_auto="1" extension_auto="1" />
				<Option object_output="obj/Release/" />
				<Option type="1" />
				<Option compiler="gcc" />
				<Compiler>
					<Add option="-O2" />
					<Add directory="include" />
				</Compiler>
				<Linker>
					<Add option="-s" />
				</Linker>
			</Target>
		</Build>
		<Compiler>
			<Add option="-Wall" />
			<Add option="-fexceptions" />
		</Compiler>
		<Unit filename="include/chararray2d.h" />
		<Unit filename="include/controller.h" />
		<Unit filename="include/gmap.h" />
		<Unit filename="include/json/autolink.h" />
		<Unit filename="include/json/config.h" />
		<Unit filename="include/json/features.h" />
		<Unit filename="include/json/forwards.h" />
		<Unit filename="include/json/json.h" />
		<Unit filename="include/json/reader.h" />
		<Unit filename="include/json/value.h" />
		<Unit filename="include/json/writer.h" />
		<Unit filename="include/mapobject.h" />
		<Unit filename="include/objplayer.h" />
		<Unit filename="include/point.h" />
		<Unit filename="include/render.h" />
		<Unit filename="include/utils.h" />
		<Unit filename="main.cpp" />
		<Unit filename="src/chararray2d.cpp">
			<Option virtualFolder="src/tools/" />
		</Unit>
		<Unit filename="src/controller.cpp">
			<Option virtualFolder="src/controller/" />
		</Unit>
		<Unit filename="src/gmap.cpp">
			<Option virtualFolder="src/model/" />
		</Unit>
		<Unit filename="src/lib_json/json_batchallocator.h" />
		<Unit filename="src/lib_json/json_internalarray.inl" />
		<Unit filename="src/lib_json/json_internalmap.inl" />
		<Unit filename="src/lib_json/json_reader.cpp" />
		<Unit filename="src/lib_json/json_value.cpp" />
		<Unit filename="src/lib_json/json_valueiterator.inl" />
		<Unit filename="src/lib_json/json_writer.cpp" />
		<Unit filename="src/lib_json/sconscript" />
		<Unit filename="src/mapobject.cpp">
			<Option virtualFolder="src/model/" />
		</Unit>
		<Unit filename="src/objplayer.cpp">
			<Option virtualFolder="src/model/" />
		</Unit>
		<Unit filename="src/point.cpp">
			<Option virtualFolder="src/tools/" />
		</Unit>
		<Unit filename="src/render.cpp" />
		<Unit filename="src/utils.cpp">
			<Option virtualFolder="src/tools/" />
		</Unit>
		<Extensions>
			<code_completion />
			<envvars />
			<debugger />
		</Extensions>
	</Project>
</CodeBlocks_project_file>
